// !$*UTF8*$!
{
	archiveVersion = 1;
	classes = {
	};
	objectVersion = 50;
	objects = {

/* Begin PBXBuildFile section */
		DB2779A725B0BE070054F12B /* BMIFitApp.swift in Sources */ = {isa = PBXBuildFile; fileRef = DB2779A625B0BE070054F12B /* BMIFitApp.swift */; };
		DB2779A925B0BE070054F12B /* ContentView.swift in Sources */ = {isa = PBXBuildFile; fileRef = DB2779A825B0BE070054F12B /* ContentView.swift */; };
		DB2779AB25B0BE090054F12B /* Assets.xcassets in Resources */ = {isa = PBXBuildFile; fileRef = DB2779AA25B0BE090054F12B /* Assets.xcassets */; };
		DB2779AE25B0BE090054F12B /* Preview Assets.xcassets in Resources */ = {isa = PBXBuildFile; fileRef = DB2779AD25B0BE090054F12B /* Preview Assets.xcassets */; };
		DB2779B025B0BE090054F12B /* Persistence.swift in Sources */ = {isa = PBXBuildFile; fileRef = DB2779AF25B0BE090054F12B /* Persistence.swift */; };
		DB2779B325B0BE090054F12B /* BMIFit.xcdatamodeld in Sources */ = {isa = PBXBuildFile; fileRef = DB2779B125B0BE090054F12B /* BMIFit.xcdatamodeld */; };
		DB2779BE25B0BE090054F12B /* BMIFitTests.swift in Sources */ = {isa = PBXBuildFile; fileRef = DB2779BD25B0BE090054F12B /* BMIFitTests.swift */; };
		DB2779C925B0BE090054F12B /* BMIFitUITests.swift in Sources */ = {isa = PBXBuildFile; fileRef = DB2779C825B0BE090054F12B /* BMIFitUITests.swift */; };
/* End PBXBuildFile section */

/* Begin PBXContainerItemProxy section */
		DB2779BA25B0BE090054F12B /* PBXContainerItemProxy */ = {
			isa = PBXContainerItemProxy;
			containerPortal = DB27799B25B0BE070054F12B /* Project object */;
			proxyType = 1;
			remoteGlobalIDString = DB2779A225B0BE070054F12B;
			remoteInfo = BMIFit;
		};
		DB2779C525B0BE090054F12B /* PBXContainerItemProxy */ = {
			isa = PBXContainerItemProxy;
			containerPortal = DB27799B25B0BE070054F12B /* Project object */;
			proxyType = 1;
			remoteGlobalIDString = DB2779A225B0BE070054F12B;
			remoteInfo = BMIFit;
		};
/* End PBXContainerItemProxy section */

/* Begin PBXFileReference section */
		DB2779A325B0BE070054F12B /* BMIFit.app */ = {isa = PBXFileReference; explicitFileType = wrapper.application; includeInIndex = 0; path = BMIFit.app; sourceTree = BUILT_PRODUCTS_DIR; };
		DB2779A625B0BE070054F12B /* BMIFitApp.swift */ = {isa = PBXFileReference; lastKnownFileType = sourcecode.swift; path = BMIFitApp.swift; sourceTree = "<group>"; };
		DB2779A825B0BE070054F12B /* ContentView.swift */ = {isa = PBXFileReference; lastKnownFileType = sourcecode.swift; path = ContentView.swift; sourceTree = "<group>"; };
		DB2779AA25B0BE090054F12B /* Assets.xcassets */ = {isa = PBXFileReference; lastKnownFileType = folder.assetcatalog; path = Assets.xcassets; sourceTree = "<group>"; };
		DB2779AD25B0BE090054F12B /* Preview Assets.xcassets */ = {isa = PBXFileReference; lastKnownFileType = folder.assetcatalog; path = "Preview Assets.xcassets"; sourceTree = "<group>"; };
		DB2779AF25B0BE090054F12B /* Persistence.swift */ = {isa = PBXFileReference; lastKnownFileType = sourcecode.swift; path = Persistence.swift; sourceTree = "<group>"; };
		DB2779B225B0BE090054F12B /* BMIFit.xcdatamodel */ = {isa = PBXFileReference; lastKnownFileType = wrapper.xcdatamodel; path = BMIFit.xcdatamodel; sourceTree = "<group>"; };
		DB2779B425B0BE090054F12B /* Info.plist */ = {isa = PBXFileReference; lastKnownFileType = text.plist.xml; path = Info.plist; sourceTree = "<group>"; };
		DB2779B925B0BE090054F12B /* BMIFitTests.xctest */ = {isa = PBXFileReference; explicitFileType = wrapper.cfbundle; includeInIndex = 0; path = BMIFitTests.xctest; sourceTree = BUILT_PRODUCTS_DIR; };
		DB2779BD25B0BE090054F12B /* BMIFitTests.swift */ = {isa = PBXFileReference; lastKnownFileType = sourcecode.swift; path = BMIFitTests.swift; sourceTree = "<group>"; };
		DB2779BF25B0BE090054F12B /* Info.plist */ = {isa = PBXFileReference; lastKnownFileType = text.plist.xml; path = Info.plist; sourceTree = "<group>"; };
		DB2779C425B0BE090054F12B /* BMIFitUITests.xctest */ = {isa = PBXFileReference; explicitFileType = wrapper.cfbundle; includeInIndex = 0; path = BMIFitUITests.xctest; sourceTree = BUILT_PRODUCTS_DIR; };
		DB2779C825B0BE090054F12B /* BMIFitUITests.swift */ = {isa = PBXFileReference; lastKnownFileType = sourcecode.swift; path = BMIFitUITests.swift; sourceTree = "<group>"; };
		DB2779CA25B0BE090054F12B /* Info.plist */ = {isa = PBXFileReference; lastKnownFileType = text.plist.xml; path = Info.plist; sourceTree = "<group>"; };
/* End PBXFileReference section */

/* Begin PBXFrameworksBuildPhase section */
		DB2779A025B0BE070054F12B /* Frameworks */ = {
			isa = PBXFrameworksBuildPhase;
			buildActionMask = 2147483647;
			files = (
			);
			runOnlyForDeploymentPostprocessing = 0;
		};
		DB2779B625B0BE090054F12B /* Frameworks */ = {
			isa = PBXFrameworksBuildPhase;
			buildActionMask = 2147483647;
			files = (
			);
			runOnlyForDeploymentPostprocessing = 0;
		};
		DB2779C125B0BE090054F12B /* Frameworks */ = {
			isa = PBXFrameworksBuildPhase;
			buildActionMask = 2147483647;
			files = (
			);
			runOnlyForDeploymentPostprocessing = 0;
		};
/* End PBXFrameworksBuildPhase section */

/* Begin PBXGroup section */
		DB27799A25B0BE070054F12B = {
			isa = PBXGroup;
			children = (
				DB2779A525B0BE070054F12B /* BMIFit */,
				DB2779BC25B0BE090054F12B /* BMIFitTests */,
				DB2779C725B0BE090054F12B /* BMIFitUITests */,
				DB2779A425B0BE070054F12B /* Products */,
			);
			sourceTree = "<group>";
		};
		DB2779A425B0BE070054F12B /* Products */ = {
			isa = PBXGroup;
			children = (
				DB2779A325B0BE070054F12B /* BMIFit.app */,
				DB2779B925B0BE090054F12B /* BMIFitTests.xctest */,
				DB2779C425B0BE090054F12B /* BMIFitUITests.xctest */,
			);
			name = Products;
			sourceTree = "<group>";
		};
		DB2779A525B0BE070054F12B /* BMIFit */ = {
			isa = PBXGroup;
			children = (
				DB2779A625B0BE070054F12B /* BMIFitApp.swift */,
				DB2779A825B0BE070054F12B /* ContentView.swift */,
				DB2779AA25B0BE090054F12B /* Assets.xcassets */,
				DB2779AF25B0BE090054F12B /* Persistence.swift */,
				DB2779B425B0BE090054F12B /* Info.plist */,
				DB2779B125B0BE090054F12B /* BMIFit.xcdatamodeld */,
				DB2779AC25B0BE090054F12B /* Preview Content */,
			);
			path = BMIFit;
			sourceTree = "<group>";
		};
		DB2779AC25B0BE090054F12B /* Preview Content */ = {
			isa = PBXGroup;
			children = (
				DB2779AD25B0BE090054F12B /* Preview Assets.xcassets */,
			);
			path = "Preview Content";
			sourceTree = "<group>";
		};
		DB2779BC25B0BE090054F12B /* BMIFitTests */ = {
			isa = PBXGroup;
			children = (
				DB2779BD25B0BE090054F12B /* BMIFitTests.swift */,
				DB2779BF25B0BE090054F12B /* Info.plist */,
			);
			path = BMIFitTests;
			sourceTree = "<group>";
		};
		DB2779C725B0BE090054F12B /* BMIFitUITests */ = {
			isa = PBXGroup;
			children = (
				DB2779C825B0BE090054F12B /* BMIFitUITests.swift */,
				DB2779CA25B0BE090054F12B /* Info.plist */,
			);
			path = BMIFitUITests;
			sourceTree = "<group>";
		};
/* End PBXGroup section */

/* Begin PBXNativeTarget section */
		DB2779A225B0BE070054F12B /* BMIFit */ = {
			isa = PBXNativeTarget;
			buildConfigurationList = DB2779CD25B0BE090054F12B /* Build configuration list for PBXNativeTarget "BMIFit" */;
			buildPhases = (
				DB27799F25B0BE070054F12B /* Sources */,
				DB2779A025B0BE070054F12B /* Frameworks */,
				DB2779A125B0BE070054F12B /* Resources */,
			);
			buildRules = (
			);
			dependencies = (
			);
			name = BMIFit;
			productName = BMIFit;
			productReference = DB2779A325B0BE070054F12B /* BMIFit.app */;
			productType = "com.apple.product-type.application";
		};
		DB2779B825B0BE090054F12B /* BMIFitTests */ = {
			isa = PBXNativeTarget;
			buildConfigurationList = DB2779D025B0BE090054F12B /* Build configuration list for PBXNativeTarget "BMIFitTests" */;
			buildPhases = (
				DB2779B525B0BE090054F12B /* Sources */,
				DB2779B625B0BE090054F12B /* Frameworks */,
				DB2779B725B0BE090054F12B /* Resources */,
			);
			buildRules = (
			);
			dependencies = (
				DB2779BB25B0BE090054F12B /* PBXTargetDependency */,
			);
			name = BMIFitTests;
			productName = BMIFitTests;
			productReference = DB2779B925B0BE090054F12B /* BMIFitTests.xctest */;
			productType = "com.apple.product-type.bundle.unit-test";
		};
		DB2779C325B0BE090054F12B /* BMIFitUITests */ = {
			isa = PBXNativeTarget;
			buildConfigurationList = DB2779D325B0BE090054F12B /* Build configuration list for PBXNativeTarget "BMIFitUITests" */;
			buildPhases = (
				DB2779C025B0BE090054F12B /* Sources */,
				DB2779C125B0BE090054F12B /* Frameworks */,
				DB2779C225B0BE090054F12B /* Resources */,
			);
			buildRules = (
			);
			dependencies = (
				DB2779C625B0BE090054F12B /* PBXTargetDependency */,
			);
			name = BMIFitUITests;
			productName = BMIFitUITests;
			productReference = DB2779C425B0BE090054F12B /* BMIFitUITests.xctest */;
			productType = "com.apple.product-type.bundle.ui-testing";
		};
/* End PBXNativeTarget section */

/* Begin PBXProject section */
		DB27799B25B0BE070054F12B /* Project object */ = {
			isa = PBXProject;
			attributes = {
				LastSwiftUpdateCheck = 1230;
				LastUpgradeCheck = 1230;
				TargetAttributes = {
					DB2779A225B0BE070054F12B = {
						CreatedOnToolsVersion = 12.3;
					};
					DB2779B825B0BE090054F12B = {
						CreatedOnToolsVersion = 12.3;
						TestTargetID = DB2779A225B0BE070054F12B;
					};
					DB2779C325B0BE090054F12B = {
						CreatedOnToolsVersion = 12.3;
						TestTargetID = DB2779A225B0BE070054F12B;
					};
				};
			};
			buildConfigurationList = DB27799E25B0BE070054F12B /* Build configuration list for PBXProject "BMIFit" */;
			compatibilityVersion = "Xcode 9.3";
			developmentRegion = en;
			hasScannedForEncodings = 0;
			knownRegions = (
				en,
				Base,
			);
			mainGroup = DB27799A25B0BE070054F12B;
			productRefGroup = DB2779A425B0BE070054F12B /* Products */;
			projectDirPath = "";
			projectRoot = "";
			targets = (
				DB2779A225B0BE070054F12B /* BMIFit */,
				DB2779B825B0BE090054F12B /* BMIFitTests */,
				DB2779C325B0BE090054F12B /* BMIFitUITests */,
			);
		};
/* End PBXProject section */

/* Begin PBXResourcesBuildPhase section */
		DB2779A125B0BE070054F12B /* Resources */ = {
			isa = PBXResourcesBuildPhase;
			buildActionMask = 2147483647;
			files = (
				DB2779AE25B0BE090054F12B /* Preview Assets.xcassets in Resources */,
				DB2779AB25B0BE090054F12B /* Assets.xcassets in Resources */,
			);
			runOnlyForDeploymentPostprocessing = 0;
		};
		DB2779B725B0BE090054F12B /* Resources */ = {
			isa = PBXResourcesBuildPhase;
			buildActionMask = 2147483647;
			files = (
			);
			runOnlyForDeploymentPostprocessing = 0;
		};
		DB2779C225B0BE090054F12B /* Resources */ = {
			isa = PBXResourcesBuildPhase;
			buildActionMask = 2147483647;
			files = (
			);
			runOnlyForDeploymentPostprocessing = 0;
		};
/* End PBXResourcesBuildPhase section */

/* Begin PBXSourcesBuildPhase section */
		DB27799F25B0BE070054F12B /* Sources */ = {
			isa = PBXSourcesBuildPhase;
			buildActionMask = 2147483647;
			files = (
				DB2779B025B0BE090054F12B /* Persistence.swift in Sources */,
				DB2779A925B0BE070054F12B /* ContentView.swift in Sources */,
				DB2779B325B0BE090054F12B /* BMIFit.xcdatamodeld in Sources */,
				DB2779A725B0BE070054F12B /* BMIFitApp.swift in Sources */,
			);
			runOnlyForDeploymentPostprocessing = 0;
		};
		DB2779B525B0BE090054F12B /* Sources */ = {
			isa = PBXSourcesBuildPhase;
			buildActionMask = 2147483647;
			files = (
				DB2779BE25B0BE090054F12B /* BMIFitTests.swift in Sources */,
			);
			runOnlyForDeploymentPostprocessing = 0;
		};
		DB2779C025B0BE090054F12B /* Sources */ = {
			isa = PBXSourcesBuildPhase;
			buildActionMask = 2147483647;
			files = (
				DB2779C925B0BE090054F12B /* BMIFitUITests.swift in Sources */,
			);
			runOnlyForDeploymentPostprocessing = 0;
		};
/* End PBXSourcesBuildPhase section */

/* Begin PBXTargetDependency section */
		DB2779BB25B0BE090054F12B /* PBXTargetDependency */ = {
			isa = PBXTargetDependency;
			target = DB2779A225B0BE070054F12B /* BMIFit */;
			targetProxy = DB2779BA25B0BE090054F12B /* PBXContainerItemProxy */;
		};
		DB2779C625B0BE090054F12B /* PBXTargetDependency */ = {
			isa = PBXTargetDependency;
			target = DB2779A225B0BE070054F12B /* BMIFit */;
			targetProxy = DB2779C525B0BE090054F12B /* PBXContainerItemProxy */;
		};
/* End PBXTargetDependency section */

/* Begin XCBuildConfiguration section */
		DB2779CB25B0BE090054F12B /* Debug */ = {
			isa = XCBuildConfiguration;
			buildSettings = {
				ALWAYS_SEARCH_USER_PATHS = NO;
				CLANG_ANALYZER_NONNULL = YES;
				CLANG_ANALYZER_NUMBER_OBJECT_CONVERSION = YES_AGGRESSIVE;
				CLANG_CXX_LANGUAGE_STANDARD = "gnu++14";
				CLANG_CXX_LIBRARY = "libc++";
				CLANG_ENABLE_MODULES = YES;
				CLANG_ENABLE_OBJC_ARC = YES;
				CLANG_ENABLE_OBJC_WEAK = YES;
				CLANG_WARN_BLOCK_CAPTURE_AUTORELEASING = YES;
				CLANG_WARN_BOOL_CONVERSION = YES;
				CLANG_WARN_COMMA = YES;
				CLANG_WARN_CONSTANT_CONVERSION = YES;
				CLANG_WARN_DEPRECATED_OBJC_IMPLEMENTATIONS = YES;
				CLANG_WARN_DIRECT_OBJC_ISA_USAGE = YES_ERROR;
				CLANG_WARN_DOCUMENTATION_COMMENTS = YES;
				CLANG_WARN_EMPTY_BODY = YES;
				CLANG_WARN_ENUM_CONVERSION = YES;
				CLANG_WARN_INFINITE_RECURSION = YES;
				CLANG_WARN_INT_CONVERSION = YES;
				CLANG_WARN_NON_LITERAL_NULL_CONVERSION = YES;
				CLANG_WARN_OBJC_IMPLICIT_RETAIN_SELF = YES;
				CLANG_WARN_OBJC_LITERAL_CONVERSION = YES;
				CLANG_WARN_OBJC_ROOT_CLASS = YES_ERROR;
				CLANG_WARN_QUOTED_INCLUDE_IN_FRAMEWORK_HEADER = YES;
				CLANG_WARN_RANGE_LOOP_ANALYSIS = YES;
				CLANG_WARN_STRICT_PROTOTYPES = YES;
				CLANG_WARN_SUSPICIOUS_MOVE = YES;
				CLANG_WARN_UNGUARDED_AVAILABILITY = YES_AGGRESSIVE;
				CLANG_WARN_UNREACHABLE_CODE = YES;
				CLANG_WARN__DUPLICATE_METHOD_MATCH = YES;
				COPY_PHASE_STRIP = NO;
				DEBUG_INFORMATION_FORMAT = dwarf;
				ENABLE_STRICT_OBJC_MSGSEND = YES;
				ENABLE_TESTABILITY = YES;
				GCC_C_LANGUAGE_STANDARD = gnu11;
				GCC_DYNAMIC_NO_PIC = NO;
				GCC_NO_COMMON_BLOCKS = YES;
				GCC_OPTIMIZATION_LEVEL = 0;
				GCC_PREPROCESSOR_DEFINITIONS = (
					"DEBUG=1",
					"$(inherited)",
				);
				GCC_WARN_64_TO_32_BIT_CONVERSION = YES;
				GCC_WARN_ABOUT_RETURN_TYPE = YES_ERROR;
				GCC_WARN_UNDECLARED_SELECTOR = YES;
				GCC_WARN_UNINITIALIZED_AUTOS = YES_AGGRESSIVE;
				GCC_WARN_UNUSED_FUNCTION = YES;
				GCC_WARN_UNUSED_VARIABLE = YES;
				IPHONEOS_DEPLOYMENT_TARGET = 14.3;
				MTL_ENABLE_DEBUG_INFO = INCLUDE_SOURCE;
				MTL_FAST_MATH = YES;
				ONLY_ACTIVE_ARCH = YES;
				SDKROOT = iphoneos;
				SWIFT_ACTIVE_COMPILATION_CONDITIONS = DEBUG;
				SWIFT_OPTIMIZATION_LEVEL = "-Onone";
			};
			name = Debug;
		};
		DB2779CC25B0BE090054F12B /* Release */ = {
			isa = XCBuildConfiguration;
			buildSettings = {
				ALWAYS_SEARCH_USER_PATHS = NO;
				CLANG_ANALYZER_NONNULL = YES;
				CLANG_ANALYZER_NUMBER_OBJECT_CONVERSION = YES_AGGRESSIVE;
				CLANG_CXX_LANGUAGE_STANDARD = "gnu++14";
				CLANG_CXX_LIBRARY = "libc++";
				CLANG_ENABLE_MODULES = YES;
				CLANG_ENABLE_OBJC_ARC = YES;
				CLANG_ENABLE_OBJC_WEAK = YES;
				CLANG_WARN_BLOCK_CAPTURE_AUTORELEASING = YES;
				CLANG_WARN_BOOL_CONVERSION = YES;
				CLANG_WARN_COMMA = YES;
				CLANG_WARN_CONSTANT_CONVERSION = YES;
				CLANG_WARN_DEPRECATED_OBJC_IMPLEMENTATIONS = YES;
				CLANG_WARN_DIRECT_OBJC_ISA_USAGE = YES_ERROR;
				CLANG_WARN_DOCUMENTATION_COMMENTS = YES;
				CLANG_WARN_EMPTY_BODY = YES;
				CLANG_WARN_ENUM_CONVERSION = YES;
				CLANG_WARN_INFINITE_RECURSION = YES;
				CLANG_WARN_INT_CONVERSION = YES;
				CLANG_WARN_NON_LITERAL_NULL_CONVERSION = YES;
				CLANG_WARN_OBJC_IMPLICIT_RETAIN_SELF = YES;
				CLANG_WARN_OBJC_LITERAL_CONVERSION = YES;
				CLANG_WARN_OBJC_ROOT_CLASS = YES_ERROR;
				CLANG_WARN_QUOTED_INCLUDE_IN_FRAMEWORK_HEADER = YES;
				CLANG_WARN_RANGE_LOOP_ANALYSIS = YES;
				CLANG_WARN_STRICT_PROTOTYPES = YES;
				CLANG_WARN_SUSPICIOUS_MOVE = YES;
				CLANG_WARN_UNGUARDED_AVAILABILITY = YES_AGGRESSIVE;
				CLANG_WARN_UNREACHABLE_CODE = YES;
				CLANG_WARN__DUPLICATE_METHOD_MATCH = YES;
				COPY_PHASE_STRIP = NO;
				DEBUG_INFORMATION_FORMAT = "dwarf-with-dsym";
				ENABLE_NS_ASSERTIONS = NO;
				ENABLE_STRICT_OBJC_MSGSEND = YES;
				GCC_C_LANGUAGE_STANDARD = gnu11;
				GCC_NO_COMMON_BLOCKS = YES;
				GCC_WARN_64_TO_32_BIT_CONVERSION = YES;
				GCC_WARN_ABOUT_RETURN_TYPE = YES_ERROR;
				GCC_WARN_UNDECLARED_SELECTOR = YES;
				GCC_WARN_UNINITIALIZED_AUTOS = YES_AGGRESSIVE;
				GCC_WARN_UNUSED_FUNCTION = YES;
				GCC_WARN_UNUSED_VARIABLE = YES;
				IPHONEOS_DEPLOYMENT_TARGET = 14.3;
				MTL_ENABLE_DEBUG_INFO = NO;
				MTL_FAST_MATH = YES;
				SDKROOT = iphoneos;
				SWIFT_COMPILATION_MODE = wholemodule;
				SWIFT_OPTIMIZATION_LEVEL = "-O";
				VALIDATE_PRODUCT = YES;
			};
			name = Release;
		};
		DB2779CE25B0BE090054F12B /* Debug */ = {
			isa = XCBuildConfiguration;
			buildSettings = {
				ASSETCATALOG_COMPILER_APPICON_NAME = AppIcon;
				ASSETCATALOG_COMPILER_GLOBAL_ACCENT_COLOR_NAME = AccentColor;
				CODE_SIGN_STYLE = Automatic;
				DEVELOPMENT_ASSET_PATHS = "\"BMIFit/Preview Content\"";
				DEVELOPMENT_TEAM = H6ZQ35AQX6;
				ENABLE_PREVIEWS = YES;
				INFOPLIST_FILE = BMIFit/Info.plist;
				IPHONEOS_DEPLOYMENT_TARGET = 14.0;
				LD_RUNPATH_SEARCH_PATHS = (
					"$(inherited)",
					"@executable_path/Frameworks",
				);
				PRODUCT_BUNDLE_IDENTIFIER = com.cesarcontreras.ios.BMIFit;
				PRODUCT_NAME = "$(TARGET_NAME)";
				SWIFT_VERSION = 5.0;
				TARGETED_DEVICE_FAMILY = 1;
			};
			name = Debug;
		};
		DB2779CF25B0BE090054F12B /* Release */ = {
			isa = XCBuildConfiguration;
			buildSettings = {
				ASSETCATALOG_COMPILER_APPICON_NAME = AppIcon;
				ASSETCATALOG_COMPILER_GLOBAL_ACCENT_COLOR_NAME = AccentColor;
				CODE_SIGN_STYLE = Automatic;
				DEVELOPMENT_ASSET_PATHS = "\"BMIFit/Preview Content\"";
				DEVELOPMENT_TEAM = H6ZQ35AQX6;
				ENABLE_PREVIEWS = YES;
				INFOPLIST_FILE = BMIFit/Info.plist;
				IPHONEOS_DEPLOYMENT_TARGET = 14.0;
				LD_RUNPATH_SEARCH_PATHS = (
					"$(inherited)",
					"@executable_path/Frameworks",
				);
				PRODUCT_BUNDLE_IDENTIFIER = com.cesarcontreras.ios.BMIFit;
				PRODUCT_NAME = "$(TARGET_NAME)";
				SWIFT_VERSION = 5.0;
				TARGETED_DEVICE_FAMILY = 1;
			};
			name = Release;
		};
		DB2779D125B0BE090054F12B /* Debug */ = {
			isa = XCBuildConfiguration;
			buildSettings = {
				ALWAYS_EMBED_SWIFT_STANDARD_LIBRARIES = YES;
				BUNDLE_LOADER = "$(TEST_HOST)";
				CODE_SIGN_STYLE = Automatic;
				DEVELOPMENT_TEAM = H6ZQ35AQX6;
				INFOPLIST_FILE = BMIFitTests/Info.plist;
				IPHONEOS_DEPLOYMENT_TARGET = 14.0;
				LD_RUNPATH_SEARCH_PATHS = (
					"$(inherited)",
					"@executable_path/Frameworks",
					"@loader_path/Frameworks",
				);
				PRODUCT_BUNDLE_IDENTIFIER = com.cesarcontreras.ios.BMIFitTests;
				PRODUCT_NAME = "$(TARGET_NAME)";
				SWIFT_VERSION = 5.0;
				TARGETED_DEVICE_FAMILY = "1,2";
				TEST_HOST = "$(BUILT_PRODUCTS_DIR)/BMIFit.app/BMIFit";
			};
			name = Debug;
		};
		DB2779D225B0BE090054F12B /* Release */ = {
			isa = XCBuildConfiguration;
			buildSettings = {
				ALWAYS_EMBED_SWIFT_STANDARD_LIBRARIES = YES;
				BUNDLE_LOADER = "$(TEST_HOST)";
				CODE_SIGN_STYLE = Automatic;
				DEVELOPMENT_TEAM = H6ZQ35AQX6;
				INFOPLIST_FILE = BMIFitTests/Info.plist;
				IPHONEOS_DEPLOYMENT_TARGET = 14.0;
				LD_RUNPATH_SEARCH_PATHS = (
					"$(inherited)",
					"@executable_path/Frameworks",
					"@loader_path/Frameworks",
				);
				PRODUCT_BUNDLE_IDENTIFIER = com.cesarcontreras.ios.BMIFitTests;
				PRODUCT_NAME = "$(TARGET_NAME)";
				SWIFT_VERSION = 5.0;
				TARGETED_DEVICE_FAMILY = "1,2";
				TEST_HOST = "$(BUILT_PRODUCTS_DIR)/BMIFit.app/BMIFit";
			};
			name = Release;
		};
		DB2779D425B0BE090054F12B /* Debug */ = {
			isa = XCBuildConfiguration;
			buildSettings = {
				ALWAYS_EMBED_SWIFT_STANDARD_LIBRARIES = YES;
				CODE_SIGN_STYLE = Automatic;
				DEVELOPMENT_TEAM = H6ZQ35AQX6;
				INFOPLIST_FILE = BMIFitUITests/Info.plist;
				LD_RUNPATH_SEARCH_PATHS = (
					"$(inherited)",
					"@executable_path/Frameworks",
					"@loader_path/Frameworks",
				);
				PRODUCT_BUNDLE_IDENTIFIER = com.cesarcontreras.ios.BMIFitUITests;
				PRODUCT_NAME = "$(TARGET_NAME)";
				SWIFT_VERSION = 5.0;
				TARGETED_DEVICE_FAMILY = "1,2";
				TEST_TARGET_NAME = BMIFit;
			};
			name = Debug;
		};
		DB2779D525B0BE090054F12B /* Release */ = {
			isa = XCBuildConfiguration;
			buildSettings = {
				ALWAYS_EMBED_SWIFT_STANDARD_LIBRARIES = YES;
				CODE_SIGN_STYLE = Automatic;
				DEVELOPMENT_TEAM = H6ZQ35AQX6;
				INFOPLIST_FILE = BMIFitUITests/Info.plist;
				LD_RUNPATH_SEARCH_PATHS = (
					"$(inherited)",
					"@executable_path/Frameworks",
					"@loader_path/Frameworks",
				);
				PRODUCT_BUNDLE_IDENTIFIER = com.cesarcontreras.ios.BMIFitUITests;
				PRODUCT_NAME = "$(TARGET_NAME)";
				SWIFT_VERSION = 5.0;
				TARGETED_DEVICE_FAMILY = "1,2";
				TEST_TARGET_NAME = BMIFit;
			};
			name = Release;
		};
/* End XCBuildConfiguration section */

/* Begin XCConfigurationList section */
		DB27799E25B0BE070054F12B /* Build configuration list for PBXProject "BMIFit" */ = {
			isa = XCConfigurationList;
			buildConfigurations = (
				DB2779CB25B0BE090054F12B /* Debug */,
				DB2779CC25B0BE090054F12B /* Release */,
			);
			defaultConfigurationIsVisible = 0;
			defaultConfigurationName = Release;
		};
		DB2779CD25B0BE090054F12B /* Build configuration list for PBXNativeTarget "BMIFit" */ = {
			isa = XCConfigurationList;
			buildConfigurations = (
				DB2779CE25B0BE090054F12B /* Debug */,
				DB2779CF25B0BE090054F12B /* Release */,
			);
			defaultConfigurationIsVisible = 0;
			defaultConfigurationName = Release;
		};
		DB2779D025B0BE090054F12B /* Build configuration list for PBXNativeTarget "BMIFitTests" */ = {
			isa = XCConfigurationList;
			buildConfigurations = (
				DB2779D125B0BE090054F12B /* Debug */,
				DB2779D225B0BE090054F12B /* Release */,
			);
			defaultConfigurationIsVisible = 0;
			defaultConfigurationName = Release;
		};
		DB2779D325B0BE090054F12B /* Build configuration list for PBXNativeTarget "BMIFitUITests" */ = {
			isa = XCConfigurationList;
			buildConfigurations = (
				DB2779D425B0BE090054F12B /* Debug */,
				DB2779D525B0BE090054F12B /* Release */,
			);
			defaultConfigurationIsVisible = 0;
			defaultConfigurationName = Release;
		};
/* End XCConfigurationList section */

/* Begin XCVersionGroup section */
		DB2779B125B0BE090054F12B /* BMIFit.xcdatamodeld */ = {
			isa = XCVersionGroup;
			children = (
				DB2779B225B0BE090054F12B /* BMIFit.xcdatamodel */,
			);
			currentVersion = DB2779B225B0BE090054F12B /* BMIFit.xcdatamodel */;
			path = BMIFit.xcdatamodeld;
			sourceTree = "<group>";
			versionGroupType = wrapper.xcdatamodel;
		};
/* End XCVersionGroup section */
	};
	rootObject = DB27799B25B0BE070054F12B /* Project object */;
}
